# This file is generated by running "yarn install" inside your project.
# Manual changes might be lost - proceed with caution!

__metadata:
  version: 6
  cacheKey: 8

"colors@npm:>=0.6.0":
  version: 1.4.0
  resolution: "colors@npm:1.4.0"
  checksum: 98aa2c2418ad87dedf25d781be69dc5fc5908e279d9d30c34d8b702e586a0474605b3a189511482b9d5ed0d20c867515d22749537f7bc546256c6014f3ebdcec
  languageName: node
  linkType: hard

"mime@npm:^1.2.9":
  version: 1.6.0
  resolution: "mime@npm:1.6.0"
  bin:
    mime: cli.js
  checksum: fef25e39263e6d207580bdc629f8872a3f9772c923c7f8c7e793175cee22777bbe8bba95e5d509a40aaa292d8974514ce634ae35769faa45f22d17edda5e8557
  languageName: node
  linkType: hard

"minimist@npm:~0.0.1":
  version: 0.0.10
  resolution: "minimist@npm:0.0.10"
  checksum: f7b2cb17af165d042bb3d2803f5e6c38d137f0c36a62230fdb643058c25b56749d2c335b17d4de0b0f08f19cb868cac40df207ff7a4c59fd0771e8762e9b783c
  languageName: node
  linkType: hard

"node-static@npm:^0.7.11":
  version: 0.7.11
  resolution: "node-static@npm:0.7.11"
  dependencies:
    colors: ">=0.6.0"
    mime: ^1.2.9
    optimist: ">=0.3.4"
  bin:
    static: bin/cli.js
  checksum: 73c0163595b58871c4870cf46fc8039bc065e79d558eb09026339b83def52a293dd6329de2a68b0c70c1a65044066a02deffb403bf00d9fa334e4e48f0fece68
  languageName: node
  linkType: hard

"optimist@npm:>=0.3.4":
  version: 0.6.1
  resolution: "optimist@npm:0.6.1"
  dependencies:
    minimist: ~0.0.1
    wordwrap: ~0.0.2
  checksum: 191ab2b119b2908a229065119349d9cbd295217a8777febd2812fc7b95c5f31f5f6ecb4fd0222351466cb33af8410299373229e78dd96713ed5348fcebfb96f4
  languageName: node
  linkType: hard

"root-workspace-0b6124@workspace:.":
  version: 0.0.0-use.local
  resolution: "root-workspace-0b6124@workspace:."
  dependencies:
    node-static: ^0.7.11
  languageName: unknown
  linkType: soft

"wordwrap@npm:~0.0.2":
  version: 0.0.3
  resolution: "wordwrap@npm:0.0.3"
  checksum: dfc2d3512e857ae4b3bc2e8d4e5d2c285c28a4b87cd1d81c977ce9a1a99152d355807e046851a3d61148f39d877fbb889352e07b65a9cbdd2256aa928e159026
  languageName: node
  linkType: hard
